// !$*UTF8*$!
{
	archiveVersion = 1;
	classes = {
	};
	objectVersion = 46;
	objects = {

/* Begin PBXBuildFile section */
		706DBFB5196E345E00469990 /* MMPSilence.wav in Resources */ = {isa = PBXBuildFile; fileRef = 706DBFB4196E345E00469990 /* MMPSilence.wav */; };
		706DBFB9196E490600469990 /* White Lights.mp3 in Resources */ = {isa = PBXBuildFile; fileRef = 706DBFB8196E490600469990 /* White Lights.mp3 */; };
		707BD595195BE5D200E22C1C /* Info.plist in Resources */ = {isa = PBXBuildFile; fileRef = 707BD594195BE5D200E22C1C /* Info.plist */; };
		707F6AB51931E0930060E8C9 /* Entitlements.plist in Resources */ = {isa = PBXBuildFile; fileRef = 707F6AB41931E0930060E8C9 /* Entitlements.plist */; };
		707F6AB71931E2440060E8C9 /* Squelch-storyboard.storyboard in Resources */ = {isa = PBXBuildFile; fileRef = 707F6AB61931E2440060E8C9 /* Squelch-storyboard.storyboard */; };
		707F6ABA1931E74D0060E8C9 /* SquelchViewController.m in Sources */ = {isa = PBXBuildFile; fileRef = 707F6AB91931E74D0060E8C9 /* SquelchViewController.m */; };
		709F74131931DEAE00881C0C /* Foundation.framework in Frameworks */ = {isa = PBXBuildFile; fileRef = 709F74121931DEAE00881C0C /* Foundation.framework */; };
		709F74151931DEAE00881C0C /* CoreGraphics.framework in Frameworks */ = {isa = PBXBuildFile; fileRef = 709F74141931DEAE00881C0C /* CoreGraphics.framework */; };
		709F74171931DEAE00881C0C /* UIKit.framework in Frameworks */ = {isa = PBXBuildFile; fileRef = 709F74161931DEAE00881C0C /* UIKit.framework */; };
		709F741D1931DEAE00881C0C /* InfoPlist.strings in Resources */ = {isa = PBXBuildFile; fileRef = 709F741B1931DEAE00881C0C /* InfoPlist.strings */; };
		709F741F1931DEAE00881C0C /* main.m in Sources */ = {isa = PBXBuildFile; fileRef = 709F741E1931DEAE00881C0C /* main.m */; };
		709F74231931DEAE00881C0C /* AppDelegate.m in Sources */ = {isa = PBXBuildFile; fileRef = 709F74221931DEAE00881C0C /* AppDelegate.m */; };
		709F74251931DEAE00881C0C /* Images.xcassets in Resources */ = {isa = PBXBuildFile; fileRef = 709F74241931DEAE00881C0C /* Images.xcassets */; };
		709F742C1931DEAE00881C0C /* XCTest.framework in Frameworks */ = {isa = PBXBuildFile; fileRef = 709F742B1931DEAE00881C0C /* XCTest.framework */; };
		709F742D1931DEAE00881C0C /* Foundation.framework in Frameworks */ = {isa = PBXBuildFile; fileRef = 709F74121931DEAE00881C0C /* Foundation.framework */; };
		709F742E1931DEAE00881C0C /* UIKit.framework in Frameworks */ = {isa = PBXBuildFile; fileRef = 709F74161931DEAE00881C0C /* UIKit.framework */; };
		709F74361931DEAE00881C0C /* InfoPlist.strings in Resources */ = {isa = PBXBuildFile; fileRef = 709F74341931DEAE00881C0C /* InfoPlist.strings */; };
		709F74381931DEAE00881C0C /* SquelchTests.m in Sources */ = {isa = PBXBuildFile; fileRef = 709F74371931DEAE00881C0C /* SquelchTests.m */; };
		709F74421931DEDA00881C0C /* MediaPlayer.framework in Frameworks */ = {isa = PBXBuildFile; fileRef = 709F74411931DEDA00881C0C /* MediaPlayer.framework */; };
		70E11B401BBBAC9900D707F7 /* OpenSans-Bold.ttf in Resources */ = {isa = PBXBuildFile; fileRef = 70E11B361BBBAC9600D707F7 /* OpenSans-Bold.ttf */; settings = {ASSET_TAGS = (); }; };
		70E11B411BBBAC9900D707F7 /* OpenSans-BoldItalic.ttf in Resources */ = {isa = PBXBuildFile; fileRef = 70E11B371BBBAC9600D707F7 /* OpenSans-BoldItalic.ttf */; settings = {ASSET_TAGS = (); }; };
		70E11B421BBBAC9900D707F7 /* OpenSans-ExtraBold.ttf in Resources */ = {isa = PBXBuildFile; fileRef = 70E11B381BBBAC9600D707F7 /* OpenSans-ExtraBold.ttf */; settings = {ASSET_TAGS = (); }; };
		70E11B431BBBAC9900D707F7 /* OpenSans-ExtraBoldItalic.ttf in Resources */ = {isa = PBXBuildFile; fileRef = 70E11B391BBBAC9600D707F7 /* OpenSans-ExtraBoldItalic.ttf */; settings = {ASSET_TAGS = (); }; };
		70E11B441BBBAC9900D707F7 /* OpenSans-Italic.ttf in Resources */ = {isa = PBXBuildFile; fileRef = 70E11B3A1BBBAC9600D707F7 /* OpenSans-Italic.ttf */; settings = {ASSET_TAGS = (); }; };
		70E11B451BBBAC9900D707F7 /* OpenSans-Light.ttf in Resources */ = {isa = PBXBuildFile; fileRef = 70E11B3B1BBBAC9600D707F7 /* OpenSans-Light.ttf */; settings = {ASSET_TAGS = (); }; };
		70E11B461BBBAC9900D707F7 /* OpenSans-LightItalic.ttf in Resources */ = {isa = PBXBuildFile; fileRef = 70E11B3C1BBBAC9600D707F7 /* OpenSans-LightItalic.ttf */; settings = {ASSET_TAGS = (); }; };
		70E11B471BBBAC9900D707F7 /* OpenSans-Regular.ttf in Resources */ = {isa = PBXBuildFile; fileRef = 70E11B3D1BBBAC9600D707F7 /* OpenSans-Regular.ttf */; settings = {ASSET_TAGS = (); }; };
		70E11B481BBBAC9900D707F7 /* OpenSans-Semibold.ttf in Resources */ = {isa = PBXBuildFile; fileRef = 70E11B3E1BBBAC9600D707F7 /* OpenSans-Semibold.ttf */; settings = {ASSET_TAGS = (); }; };
		70E11B491BBBAC9900D707F7 /* OpenSans-SemiboldItalic.ttf in Resources */ = {isa = PBXBuildFile; fileRef = 70E11B3F1BBBAC9600D707F7 /* OpenSans-SemiboldItalic.ttf */; settings = {ASSET_TAGS = (); }; };
		70E11B561BBBACA900D707F7 /* Roboto-Black.ttf in Resources */ = {isa = PBXBuildFile; fileRef = 70E11B4A1BBBACA900D707F7 /* Roboto-Black.ttf */; settings = {ASSET_TAGS = (); }; };
		70E11B571BBBACA900D707F7 /* Roboto-BlackItalic.ttf in Resources */ = {isa = PBXBuildFile; fileRef = 70E11B4B1BBBACA900D707F7 /* Roboto-BlackItalic.ttf */; settings = {ASSET_TAGS = (); }; };
		70E11B581BBBACA900D707F7 /* Roboto-Bold.ttf in Resources */ = {isa = PBXBuildFile; fileRef = 70E11B4C1BBBACA900D707F7 /* Roboto-Bold.ttf */; settings = {ASSET_TAGS = (); }; };
		70E11B591BBBACA900D707F7 /* Roboto-BoldItalic.ttf in Resources */ = {isa = PBXBuildFile; fileRef = 70E11B4D1BBBACA900D707F7 /* Roboto-BoldItalic.ttf */; settings = {ASSET_TAGS = (); }; };
		70E11B5A1BBBACA900D707F7 /* Roboto-Italic.ttf in Resources */ = {isa = PBXBuildFile; fileRef = 70E11B4E1BBBACA900D707F7 /* Roboto-Italic.ttf */; settings = {ASSET_TAGS = (); }; };
		70E11B5B1BBBACA900D707F7 /* Roboto-Light.ttf in Resources */ = {isa = PBXBuildFile; fileRef = 70E11B4F1BBBACA900D707F7 /* Roboto-Light.ttf */; settings = {ASSET_TAGS = (); }; };
		70E11B5C1BBBACA900D707F7 /* Roboto-LightItalic.ttf in Resources */ = {isa = PBXBuildFile; fileRef = 70E11B501BBBACA900D707F7 /* Roboto-LightItalic.ttf */; settings = {ASSET_TAGS = (); }; };
		70E11B5D1BBBACA900D707F7 /* Roboto-Medium.ttf in Resources */ = {isa = PBXBuildFile; fileRef = 70E11B511BBBACA900D707F7 /* Roboto-Medium.ttf */; settings = {ASSET_TAGS = (); }; };
		70E11B5E1BBBACA900D707F7 /* Roboto-MediumItalic.ttf in Resources */ = {isa = PBXBuildFile; fileRef = 70E11B521BBBACA900D707F7 /* Roboto-MediumItalic.ttf */; settings = {ASSET_TAGS = (); }; };
		70E11B5F1BBBACA900D707F7 /* Roboto-Regular.ttf in Resources */ = {isa = PBXBuildFile; fileRef = 70E11B531BBBACA900D707F7 /* Roboto-Regular.ttf */; settings = {ASSET_TAGS = (); }; };
		70E11B601BBBACA900D707F7 /* Roboto-Thin.ttf in Resources */ = {isa = PBXBuildFile; fileRef = 70E11B541BBBACA900D707F7 /* Roboto-Thin.ttf */; settings = {ASSET_TAGS = (); }; };
		70E11B611BBBACA900D707F7 /* Roboto-ThinItalic.ttf in Resources */ = {isa = PBXBuildFile; fileRef = 70E11B551BBBACA900D707F7 /* Roboto-ThinItalic.ttf */; settings = {ASSET_TAGS = (); }; };
		70E11B6A1BBBACB800D707F7 /* teamnexussplash@1242-2208.png in Resources */ = {isa = PBXBuildFile; fileRef = 70E11B621BBBACB800D707F7 /* teamnexussplash@1242-2208.png */; settings = {ASSET_TAGS = (); }; };
		70E11B6B1BBBACB800D707F7 /* teamnexussplash@750-1334.png in Resources */ = {isa = PBXBuildFile; fileRef = 70E11B631BBBACB800D707F7 /* teamnexussplash@750-1334.png */; settings = {ASSET_TAGS = (); }; };
		70E11B6C1BBBACB800D707F7 /* teamnexussplash@640-960.png in Resources */ = {isa = PBXBuildFile; fileRef = 70E11B641BBBACB800D707F7 /* teamnexussplash@640-960.png */; settings = {ASSET_TAGS = (); }; };
		70E11B6D1BBBACB800D707F7 /* teamnexussplash@640-1136.png in Resources */ = {isa = PBXBuildFile; fileRef = 70E11B651BBBACB800D707F7 /* teamnexussplash@640-1136.png */; settings = {ASSET_TAGS = (); }; };
		70E11B6E1BBBACB800D707F7 /* spring.jpg in Resources */ = {isa = PBXBuildFile; fileRef = 70E11B661BBBACB800D707F7 /* spring.jpg */; settings = {ASSET_TAGS = (); }; };
		70E11B6F1BBBACB800D707F7 /* sleepingcat@180-180.png in Resources */ = {isa = PBXBuildFile; fileRef = 70E11B671BBBACB800D707F7 /* sleepingcat@180-180.png */; settings = {ASSET_TAGS = (); }; };
		70E11B701BBBACB800D707F7 /* sleepingcat@120-120.png in Resources */ = {isa = PBXBuildFile; fileRef = 70E11B681BBBACB800D707F7 /* sleepingcat@120-120.png */; settings = {ASSET_TAGS = (); }; };
		70E11B711BBBACB800D707F7 /* sleepingcat@80-80.png in Resources */ = {isa = PBXBuildFile; fileRef = 70E11B691BBBACB800D707F7 /* sleepingcat@80-80.png */; settings = {ASSET_TAGS = (); }; };
/* End PBXBuildFile section */

/* Begin PBXContainerItemProxy section */
		709F742F1931DEAE00881C0C /* PBXContainerItemProxy */ = {
			isa = PBXContainerItemProxy;
			containerPortal = 709F74071931DEAE00881C0C /* Project object */;
			proxyType = 1;
			remoteGlobalIDString = 709F740E1931DEAE00881C0C;
			remoteInfo = Squelch;
		};
/* End PBXContainerItemProxy section */

/* Begin PBXFileReference section */
		706DBFB4196E345E00469990 /* MMPSilence.wav */ = {isa = PBXFileReference; lastKnownFileType = audio.wav; path = MMPSilence.wav; sourceTree = "<group>"; };
		706DBFB8196E490600469990 /* White Lights.mp3 */ = {isa = PBXFileReference; lastKnownFileType = audio.mp3; path = "White Lights.mp3"; sourceTree = "<group>"; };
		707BD594195BE5D200E22C1C /* Info.plist */ = {isa = PBXFileReference; fileEncoding = 4; lastKnownFileType = text.plist.xml; path = Info.plist; sourceTree = "<group>"; };
		707F6AB41931E0930060E8C9 /* Entitlements.plist */ = {isa = PBXFileReference; fileEncoding = 4; lastKnownFileType = text.plist.xml; path = Entitlements.plist; sourceTree = "<group>"; };
		707F6AB61931E2440060E8C9 /* Squelch-storyboard.storyboard */ = {isa = PBXFileReference; fileEncoding = 4; lastKnownFileType = file.storyboard; path = "Squelch-storyboard.storyboard"; sourceTree = "<group>"; };
		707F6AB81931E74D0060E8C9 /* SquelchViewController.h */ = {isa = PBXFileReference; fileEncoding = 4; lastKnownFileType = sourcecode.c.h; path = SquelchViewController.h; sourceTree = "<group>"; };
		707F6AB91931E74D0060E8C9 /* SquelchViewController.m */ = {isa = PBXFileReference; fileEncoding = 4; lastKnownFileType = sourcecode.c.objc; path = SquelchViewController.m; sourceTree = "<group>"; };
		709F740F1931DEAE00881C0C /* Squelch.app */ = {isa = PBXFileReference; explicitFileType = wrapper.application; includeInIndex = 0; path = Squelch.app; sourceTree = BUILT_PRODUCTS_DIR; };
		709F74121931DEAE00881C0C /* Foundation.framework */ = {isa = PBXFileReference; lastKnownFileType = wrapper.framework; name = Foundation.framework; path = System/Library/Frameworks/Foundation.framework; sourceTree = SDKROOT; };
		709F74141931DEAE00881C0C /* CoreGraphics.framework */ = {isa = PBXFileReference; lastKnownFileType = wrapper.framework; name = CoreGraphics.framework; path = System/Library/Frameworks/CoreGraphics.framework; sourceTree = SDKROOT; };
		709F74161931DEAE00881C0C /* UIKit.framework */ = {isa = PBXFileReference; lastKnownFileType = wrapper.framework; name = UIKit.framework; path = System/Library/Frameworks/UIKit.framework; sourceTree = SDKROOT; };
		709F741A1931DEAE00881C0C /* Squelch-Info.plist */ = {isa = PBXFileReference; lastKnownFileType = text.plist.xml; path = "Squelch-Info.plist"; sourceTree = "<group>"; };
		709F741C1931DEAE00881C0C /* en */ = {isa = PBXFileReference; lastKnownFileType = text.plist.strings; name = en; path = en.lproj/InfoPlist.strings; sourceTree = "<group>"; };
		709F741E1931DEAE00881C0C /* main.m */ = {isa = PBXFileReference; lastKnownFileType = sourcecode.c.objc; path = main.m; sourceTree = "<group>"; };
		709F74201931DEAE00881C0C /* Squelch-Prefix.pch */ = {isa = PBXFileReference; lastKnownFileType = sourcecode.c.h; path = "Squelch-Prefix.pch"; sourceTree = "<group>"; };
		709F74211931DEAE00881C0C /* AppDelegate.h */ = {isa = PBXFileReference; lastKnownFileType = sourcecode.c.h; path = AppDelegate.h; sourceTree = "<group>"; };
		709F74221931DEAE00881C0C /* AppDelegate.m */ = {isa = PBXFileReference; lastKnownFileType = sourcecode.c.objc; path = AppDelegate.m; sourceTree = "<group>"; };
		709F74241931DEAE00881C0C /* Images.xcassets */ = {isa = PBXFileReference; lastKnownFileType = folder.assetcatalog; path = Images.xcassets; sourceTree = "<group>"; };
		709F742A1931DEAE00881C0C /* SquelchTests.xctest */ = {isa = PBXFileReference; explicitFileType = wrapper.cfbundle; includeInIndex = 0; path = SquelchTests.xctest; sourceTree = BUILT_PRODUCTS_DIR; };
		709F742B1931DEAE00881C0C /* XCTest.framework */ = {isa = PBXFileReference; lastKnownFileType = wrapper.framework; name = XCTest.framework; path = Library/Frameworks/XCTest.framework; sourceTree = DEVELOPER_DIR; };
		709F74331931DEAE00881C0C /* SquelchTests-Info.plist */ = {isa = PBXFileReference; lastKnownFileType = text.plist.xml; path = "SquelchTests-Info.plist"; sourceTree = "<group>"; };
		709F74351931DEAE00881C0C /* en */ = {isa = PBXFileReference; lastKnownFileType = text.plist.strings; name = en; path = en.lproj/InfoPlist.strings; sourceTree = "<group>"; };
		709F74371931DEAE00881C0C /* SquelchTests.m */ = {isa = PBXFileReference; lastKnownFileType = sourcecode.c.objc; path = SquelchTests.m; sourceTree = "<group>"; };
		709F74411931DEDA00881C0C /* MediaPlayer.framework */ = {isa = PBXFileReference; lastKnownFileType = wrapper.framework; name = MediaPlayer.framework; path = System/Library/Frameworks/MediaPlayer.framework; sourceTree = SDKROOT; };
		70E11B361BBBAC9600D707F7 /* OpenSans-Bold.ttf */ = {isa = PBXFileReference; lastKnownFileType = file; name = "OpenSans-Bold.ttf"; path = "Fonts/Open Sans/OpenSans-Bold.ttf"; sourceTree = "<group>"; };
		70E11B371BBBAC9600D707F7 /* OpenSans-BoldItalic.ttf */ = {isa = PBXFileReference; lastKnownFileType = file; name = "OpenSans-BoldItalic.ttf"; path = "Fonts/Open Sans/OpenSans-BoldItalic.ttf"; sourceTree = "<group>"; };
		70E11B381BBBAC9600D707F7 /* OpenSans-ExtraBold.ttf */ = {isa = PBXFileReference; lastKnownFileType = file; name = "OpenSans-ExtraBold.ttf"; path = "Fonts/Open Sans/OpenSans-ExtraBold.ttf"; sourceTree = "<group>"; };
		70E11B391BBBAC9600D707F7 /* OpenSans-ExtraBoldItalic.ttf */ = {isa = PBXFileReference; lastKnownFileType = file; name = "OpenSans-ExtraBoldItalic.ttf"; path = "Fonts/Open Sans/OpenSans-ExtraBoldItalic.ttf"; sourceTree = "<group>"; };
		70E11B3A1BBBAC9600D707F7 /* OpenSans-Italic.ttf */ = {isa = PBXFileReference; lastKnownFileType = file; name = "OpenSans-Italic.ttf"; path = "Fonts/Open Sans/OpenSans-Italic.ttf"; sourceTree = "<group>"; };
		70E11B3B1BBBAC9600D707F7 /* OpenSans-Light.ttf */ = {isa = PBXFileReference; lastKnownFileType = file; name = "OpenSans-Light.ttf"; path = "Fonts/Open Sans/OpenSans-Light.ttf"; sourceTree = "<group>"; };
		70E11B3C1BBBAC9600D707F7 /* OpenSans-LightItalic.ttf */ = {isa = PBXFileReference; lastKnownFileType = file; name = "OpenSans-LightItalic.ttf"; path = "Fonts/Open Sans/OpenSans-LightItalic.ttf"; sourceTree = "<group>"; };
		70E11B3D1BBBAC9600D707F7 /* OpenSans-Regular.ttf */ = {isa = PBXFileReference; lastKnownFileType = file; name = "OpenSans-Regular.ttf"; path = "Fonts/Open Sans/OpenSans-Regular.ttf"; sourceTree = "<group>"; };
		70E11B3E1BBBAC9600D707F7 /* OpenSans-Semibold.ttf */ = {isa = PBXFileReference; lastKnownFileType = file; name = "OpenSans-Semibold.ttf"; path = "Fonts/Open Sans/OpenSans-Semibold.ttf"; sourceTree = "<group>"; };
		70E11B3F1BBBAC9600D707F7 /* OpenSans-SemiboldItalic.ttf */ = {isa = PBXFileReference; lastKnownFileType = file; name = "OpenSans-SemiboldItalic.ttf"; path = "Fonts/Open Sans/OpenSans-SemiboldItalic.ttf"; sourceTree = "<group>"; };
		70E11B4A1BBBACA900D707F7 /* Roboto-Black.ttf */ = {isa = PBXFileReference; lastKnownFileType = file; name = "Roboto-Black.ttf"; path = "Fonts/Roboto/Roboto-Black.ttf"; sourceTree = "<group>"; };
		70E11B4B1BBBACA900D707F7 /* Roboto-BlackItalic.ttf */ = {isa = PBXFileReference; lastKnownFileType = file; name = "Roboto-BlackItalic.ttf"; path = "Fonts/Roboto/Roboto-BlackItalic.ttf"; sourceTree = "<group>"; };
		70E11B4C1BBBACA900D707F7 /* Roboto-Bold.ttf */ = {isa = PBXFileReference; lastKnownFileType = file; name = "Roboto-Bold.ttf"; path = "Fonts/Roboto/Roboto-Bold.ttf"; sourceTree = "<group>"; };
		70E11B4D1BBBACA900D707F7 /* Roboto-BoldItalic.ttf */ = {isa = PBXFileReference; lastKnownFileType = file; name = "Roboto-BoldItalic.ttf"; path = "Fonts/Roboto/Roboto-BoldItalic.ttf"; sourceTree = "<group>"; };
		70E11B4E1BBBACA900D707F7 /* Roboto-Italic.ttf */ = {isa = PBXFileReference; lastKnownFileType = file; name = "Roboto-Italic.ttf"; path = "Fonts/Roboto/Roboto-Italic.ttf"; sourceTree = "<group>"; };
		70E11B4F1BBBACA900D707F7 /* Roboto-Light.ttf */ = {isa = PBXFileReference; lastKnownFileType = file; name = "Roboto-Light.ttf"; path = "Fonts/Roboto/Roboto-Light.ttf"; sourceTree = "<group>"; };
		70E11B501BBBACA900D707F7 /* Roboto-LightItalic.ttf */ = {isa = PBXFileReference; lastKnownFileType = file; name = "Roboto-LightItalic.ttf"; path = "Fonts/Roboto/Roboto-LightItalic.ttf"; sourceTree = "<group>"; };
		70E11B511BBBACA900D707F7 /* Roboto-Medium.ttf */ = {isa = PBXFileReference; lastKnownFileType = file; name = "Roboto-Medium.ttf"; path = "Fonts/Roboto/Roboto-Medium.ttf"; sourceTree = "<group>"; };
		70E11B521BBBACA900D707F7 /* Roboto-MediumItalic.ttf */ = {isa = PBXFileReference; lastKnownFileType = file; name = "Roboto-MediumItalic.ttf"; path = "Fonts/Roboto/Roboto-MediumItalic.ttf"; sourceTree = "<group>"; };
		70E11B531BBBACA900D707F7 /* Roboto-Regular.ttf */ = {isa = PBXFileReference; lastKnownFileType = file; name = "Roboto-Regular.ttf"; path = "Fonts/Roboto/Roboto-Regular.ttf"; sourceTree = "<group>"; };
		70E11B541BBBACA900D707F7 /* Roboto-Thin.ttf */ = {isa = PBXFileReference; lastKnownFileType = file; name = "Roboto-Thin.ttf"; path = "Fonts/Roboto/Roboto-Thin.ttf"; sourceTree = "<group>"; };
		70E11B551BBBACA900D707F7 /* Roboto-ThinItalic.ttf */ = {isa = PBXFileReference; lastKnownFileType = file; name = "Roboto-ThinItalic.ttf"; path = "Fonts/Roboto/Roboto-ThinItalic.ttf"; sourceTree = "<group>"; };
		70E11B621BBBACB800D707F7 /* teamnexussplash@1242-2208.png */ = {isa = PBXFileReference; lastKnownFileType = image.png; name = "teamnexussplash@1242-2208.png"; path = "Images/teamnexussplash@1242-2208.png"; sourceTree = "<group>"; };
		70E11B631BBBACB800D707F7 /* teamnexussplash@750-1334.png */ = {isa = PBXFileReference; lastKnownFileType = image.png; name = "teamnexussplash@750-1334.png"; path = "Images/teamnexussplash@750-1334.png"; sourceTree = "<group>"; };
		70E11B641BBBACB800D707F7 /* teamnexussplash@640-960.png */ = {isa = PBXFileReference; lastKnownFileType = image.png; name = "teamnexussplash@640-960.png"; path = "Images/teamnexussplash@640-960.png"; sourceTree = "<group>"; };
		70E11B651BBBACB800D707F7 /* teamnexussplash@640-1136.png */ = {isa = PBXFileReference; lastKnownFileType = image.png; name = "teamnexussplash@640-1136.png"; path = "Images/teamnexussplash@640-1136.png"; sourceTree = "<group>"; };
		70E11B661BBBACB800D707F7 /* spring.jpg */ = {isa = PBXFileReference; lastKnownFileType = image.jpeg; name = spring.jpg; path = Images/spring.jpg; sourceTree = "<group>"; };
		70E11B671BBBACB800D707F7 /* sleepingcat@180-180.png */ = {isa = PBXFileReference; lastKnownFileType = image.png; name = "sleepingcat@180-180.png"; path = "Images/sleepingcat@180-180.png"; sourceTree = "<group>"; };
		70E11B681BBBACB800D707F7 /* sleepingcat@120-120.png */ = {isa = PBXFileReference; lastKnownFileType = image.png; name = "sleepingcat@120-120.png"; path = "Images/sleepingcat@120-120.png"; sourceTree = "<group>"; };
		70E11B691BBBACB800D707F7 /* sleepingcat@80-80.png */ = {isa = PBXFileReference; lastKnownFileType = image.png; name = "sleepingcat@80-80.png"; path = "Images/sleepingcat@80-80.png"; sourceTree = "<group>"; };
/* End PBXFileReference section */

/* Begin PBXFrameworksBuildPhase section */
		709F740C1931DEAE00881C0C /* Frameworks */ = {
			isa = PBXFrameworksBuildPhase;
			buildActionMask = 2147483647;
			files = (
				709F74421931DEDA00881C0C /* MediaPlayer.framework in Frameworks */,
				709F74151931DEAE00881C0C /* CoreGraphics.framework in Frameworks */,
				709F74171931DEAE00881C0C /* UIKit.framework in Frameworks */,
				709F74131931DEAE00881C0C /* Foundation.framework in Frameworks */,
			);
			runOnlyForDeploymentPostprocessing = 0;
		};
		709F74271931DEAE00881C0C /* Frameworks */ = {
			isa = PBXFrameworksBuildPhase;
			buildActionMask = 2147483647;
			files = (
				709F742C1931DEAE00881C0C /* XCTest.framework in Frameworks */,
				709F742E1931DEAE00881C0C /* UIKit.framework in Frameworks */,
				709F742D1931DEAE00881C0C /* Foundation.framework in Frameworks */,
			);
			runOnlyForDeploymentPostprocessing = 0;
		};
/* End PBXFrameworksBuildPhase section */

/* Begin PBXGroup section */
		709F74061931DEAE00881C0C = {
			isa = PBXGroup;
			children = (
				70D3945B1BBB7F6100914D68 /* Fonts */,
				70D3945A1BBB7A1300914D68 /* Images */,
				709F74181931DEAE00881C0C /* Squelch */,
				709F74311931DEAE00881C0C /* SquelchTests */,
				709F74111931DEAE00881C0C /* Frameworks */,
				709F74101931DEAE00881C0C /* Products */,
			);
			sourceTree = "<group>";
		};
		709F74101931DEAE00881C0C /* Products */ = {
			isa = PBXGroup;
			children = (
				709F740F1931DEAE00881C0C /* Squelch.app */,
				709F742A1931DEAE00881C0C /* SquelchTests.xctest */,
			);
			name = Products;
			sourceTree = "<group>";
		};
		709F74111931DEAE00881C0C /* Frameworks */ = {
			isa = PBXGroup;
			children = (
				709F74411931DEDA00881C0C /* MediaPlayer.framework */,
				709F74121931DEAE00881C0C /* Foundation.framework */,
				709F74141931DEAE00881C0C /* CoreGraphics.framework */,
				709F74161931DEAE00881C0C /* UIKit.framework */,
				709F742B1931DEAE00881C0C /* XCTest.framework */,
			);
			name = Frameworks;
			sourceTree = "<group>";
		};
		709F74181931DEAE00881C0C /* Squelch */ = {
			isa = PBXGroup;
			children = (
				706DBFB8196E490600469990 /* White Lights.mp3 */,
				706DBFB4196E345E00469990 /* MMPSilence.wav */,
				709F74211931DEAE00881C0C /* AppDelegate.h */,
				709F74221931DEAE00881C0C /* AppDelegate.m */,
				707F6AB81931E74D0060E8C9 /* SquelchViewController.h */,
				707F6AB91931E74D0060E8C9 /* SquelchViewController.m */,
				709F74241931DEAE00881C0C /* Images.xcassets */,
				709F74191931DEAE00881C0C /* Supporting Files */,
				707F6AB61931E2440060E8C9 /* Squelch-storyboard.storyboard */,
			);
			path = Squelch;
			sourceTree = "<group>";
		};
		709F74191931DEAE00881C0C /* Supporting Files */ = {
			isa = PBXGroup;
			children = (
				707F6AB41931E0930060E8C9 /* Entitlements.plist */,
				709F741A1931DEAE00881C0C /* Squelch-Info.plist */,
				709F741B1931DEAE00881C0C /* InfoPlist.strings */,
				709F741E1931DEAE00881C0C /* main.m */,
				709F74201931DEAE00881C0C /* Squelch-Prefix.pch */,
				707BD594195BE5D200E22C1C /* Info.plist */,
			);
			name = "Supporting Files";
			sourceTree = "<group>";
		};
		709F74311931DEAE00881C0C /* SquelchTests */ = {
			isa = PBXGroup;
			children = (
				709F74371931DEAE00881C0C /* SquelchTests.m */,
				709F74321931DEAE00881C0C /* Supporting Files */,
			);
			path = SquelchTests;
			sourceTree = "<group>";
		};
		709F74321931DEAE00881C0C /* Supporting Files */ = {
			isa = PBXGroup;
			children = (
				709F74331931DEAE00881C0C /* SquelchTests-Info.plist */,
				709F74341931DEAE00881C0C /* InfoPlist.strings */,
			);
			name = "Supporting Files";
			sourceTree = "<group>";
		};
		70D3945A1BBB7A1300914D68 /* Images */ = {
			isa = PBXGroup;
			children = (
				70E11B621BBBACB800D707F7 /* teamnexussplash@1242-2208.png */,
				70E11B631BBBACB800D707F7 /* teamnexussplash@750-1334.png */,
				70E11B641BBBACB800D707F7 /* teamnexussplash@640-960.png */,
				70E11B651BBBACB800D707F7 /* teamnexussplash@640-1136.png */,
				70E11B661BBBACB800D707F7 /* spring.jpg */,
				70E11B671BBBACB800D707F7 /* sleepingcat@180-180.png */,
				70E11B681BBBACB800D707F7 /* sleepingcat@120-120.png */,
				70E11B691BBBACB800D707F7 /* sleepingcat@80-80.png */,
			);
			name = Images;
			sourceTree = "<group>";
		};
		70D3945B1BBB7F6100914D68 /* Fonts */ = {
			isa = PBXGroup;
			children = (
				70E11B4A1BBBACA900D707F7 /* Roboto-Black.ttf */,
				70E11B4B1BBBACA900D707F7 /* Roboto-BlackItalic.ttf */,
				70E11B4C1BBBACA900D707F7 /* Roboto-Bold.ttf */,
				70E11B4D1BBBACA900D707F7 /* Roboto-BoldItalic.ttf */,
				70E11B4E1BBBACA900D707F7 /* Roboto-Italic.ttf */,
				70E11B4F1BBBACA900D707F7 /* Roboto-Light.ttf */,
				70E11B501BBBACA900D707F7 /* Roboto-LightItalic.ttf */,
				70E11B511BBBACA900D707F7 /* Roboto-Medium.ttf */,
				70E11B521BBBACA900D707F7 /* Roboto-MediumItalic.ttf */,
				70E11B531BBBACA900D707F7 /* Roboto-Regular.ttf */,
				70E11B541BBBACA900D707F7 /* Roboto-Thin.ttf */,
				70E11B551BBBACA900D707F7 /* Roboto-ThinItalic.ttf */,
				70E11B361BBBAC9600D707F7 /* OpenSans-Bold.ttf */,
				70E11B371BBBAC9600D707F7 /* OpenSans-BoldItalic.ttf */,
				70E11B381BBBAC9600D707F7 /* OpenSans-ExtraBold.ttf */,
				70E11B391BBBAC9600D707F7 /* OpenSans-ExtraBoldItalic.ttf */,
				70E11B3A1BBBAC9600D707F7 /* OpenSans-Italic.ttf */,
				70E11B3B1BBBAC9600D707F7 /* OpenSans-Light.ttf */,
				70E11B3C1BBBAC9600D707F7 /* OpenSans-LightItalic.ttf */,
				70E11B3D1BBBAC9600D707F7 /* OpenSans-Regular.ttf */,
				70E11B3E1BBBAC9600D707F7 /* OpenSans-Semibold.ttf */,
				70E11B3F1BBBAC9600D707F7 /* OpenSans-SemiboldItalic.ttf */,
			);
			name = Fonts;
			sourceTree = "<group>";
		};
/* End PBXGroup section */

/* Begin PBXNativeTarget section */
		709F740E1931DEAE00881C0C /* Squelch */ = {
			isa = PBXNativeTarget;
			buildConfigurationList = 709F743B1931DEAE00881C0C /* Build configuration list for PBXNativeTarget "Squelch" */;
			buildPhases = (
				709F740B1931DEAE00881C0C /* Sources */,
				709F740C1931DEAE00881C0C /* Frameworks */,
				709F740D1931DEAE00881C0C /* Resources */,
			);
			buildRules = (
			);
			dependencies = (
			);
			name = Squelch;
			productName = Squelch;
			productReference = 709F740F1931DEAE00881C0C /* Squelch.app */;
			productType = "com.apple.product-type.application";
		};
		709F74291931DEAE00881C0C /* SquelchTests */ = {
			isa = PBXNativeTarget;
			buildConfigurationList = 709F743E1931DEAE00881C0C /* Build configuration list for PBXNativeTarget "SquelchTests" */;
			buildPhases = (
				709F74261931DEAE00881C0C /* Sources */,
				709F74271931DEAE00881C0C /* Frameworks */,
				709F74281931DEAE00881C0C /* Resources */,
			);
			buildRules = (
			);
			dependencies = (
				709F74301931DEAE00881C0C /* PBXTargetDependency */,
			);
			name = SquelchTests;
			productName = SquelchTests;
			productReference = 709F742A1931DEAE00881C0C /* SquelchTests.xctest */;
			productType = "com.apple.product-type.bundle.unit-test";
		};
/* End PBXNativeTarget section */

/* Begin PBXProject section */
		709F74071931DEAE00881C0C /* Project object */ = {
			isa = PBXProject;
			attributes = {
				LastUpgradeCheck = 0510;
				ORGANIZATIONNAME = "Team Nexus";
				TargetAttributes = {
					709F74291931DEAE00881C0C = {
						TestTargetID = 709F740E1931DEAE00881C0C;
					};
				};
			};
			buildConfigurationList = 709F740A1931DEAE00881C0C /* Build configuration list for PBXProject "Squelch" */;
			compatibilityVersion = "Xcode 3.2";
			developmentRegion = English;
			hasScannedForEncodings = 0;
			knownRegions = (
				en,
			);
			mainGroup = 709F74061931DEAE00881C0C;
			productRefGroup = 709F74101931DEAE00881C0C /* Products */;
			projectDirPath = "";
			projectRoot = "";
			targets = (
				709F740E1931DEAE00881C0C /* Squelch */,
				709F74291931DEAE00881C0C /* SquelchTests */,
			);
		};
/* End PBXProject section */

/* Begin PBXResourcesBuildPhase section */
		709F740D1931DEAE00881C0C /* Resources */ = {
			isa = PBXResourcesBuildPhase;
			buildActionMask = 2147483647;
			files = (
				70E11B601BBBACA900D707F7 /* Roboto-Thin.ttf in Resources */,
				70E11B451BBBAC9900D707F7 /* OpenSans-Light.ttf in Resources */,
				70E11B6E1BBBACB800D707F7 /* spring.jpg in Resources */,
				707F6AB51931E0930060E8C9 /* Entitlements.plist in Resources */,
				70E11B5E1BBBACA900D707F7 /* Roboto-MediumItalic.ttf in Resources */,
				70E11B5C1BBBACA900D707F7 /* Roboto-LightItalic.ttf in Resources */,
				70E11B581BBBACA900D707F7 /* Roboto-Bold.ttf in Resources */,
				70E11B611BBBACA900D707F7 /* Roboto-ThinItalic.ttf in Resources */,
				70E11B5B1BBBACA900D707F7 /* Roboto-Light.ttf in Resources */,
				70E11B5F1BBBACA900D707F7 /* Roboto-Regular.ttf in Resources */,
				70E11B5D1BBBACA900D707F7 /* Roboto-Medium.ttf in Resources */,
				70E11B461BBBAC9900D707F7 /* OpenSans-LightItalic.ttf in Resources */,
				706DBFB9196E490600469990 /* White Lights.mp3 in Resources */,
				70E11B711BBBACB800D707F7 /* sleepingcat@80-80.png in Resources */,
				70E11B481BBBAC9900D707F7 /* OpenSans-Semibold.ttf in Resources */,
				70E11B561BBBACA900D707F7 /* Roboto-Black.ttf in Resources */,
				70E11B491BBBAC9900D707F7 /* OpenSans-SemiboldItalic.ttf in Resources */,
				70E11B401BBBAC9900D707F7 /* OpenSans-Bold.ttf in Resources */,
				70E11B5A1BBBACA900D707F7 /* Roboto-Italic.ttf in Resources */,
				70E11B571BBBACA900D707F7 /* Roboto-BlackItalic.ttf in Resources */,
				709F741D1931DEAE00881C0C /* InfoPlist.strings in Resources */,
				709F74251931DEAE00881C0C /* Images.xcassets in Resources */,
				70E11B6D1BBBACB800D707F7 /* teamnexussplash@640-1136.png in Resources */,
				70E11B591BBBACA900D707F7 /* Roboto-BoldItalic.ttf in Resources */,
				707BD595195BE5D200E22C1C /* Info.plist in Resources */,
				70E11B6B1BBBACB800D707F7 /* teamnexussplash@750-1334.png in Resources */,
				70E11B411BBBAC9900D707F7 /* OpenSans-BoldItalic.ttf in Resources */,
				707F6AB71931E2440060E8C9 /* Squelch-storyboard.storyboard in Resources */,
				70E11B6C1BBBACB800D707F7 /* teamnexussplash@640-960.png in Resources */,
				70E11B6F1BBBACB800D707F7 /* sleepingcat@180-180.png in Resources */,
				70E11B471BBBAC9900D707F7 /* OpenSans-Regular.ttf in Resources */,
				706DBFB5196E345E00469990 /* MMPSilence.wav in Resources */,
				70E11B441BBBAC9900D707F7 /* OpenSans-Italic.ttf in Resources */,
				70E11B701BBBACB800D707F7 /* sleepingcat@120-120.png in Resources */,
				70E11B6A1BBBACB800D707F7 /* teamnexussplash@1242-2208.png in Resources */,
				70E11B431BBBAC9900D707F7 /* OpenSans-ExtraBoldItalic.ttf in Resources */,
				70E11B421BBBAC9900D707F7 /* OpenSans-ExtraBold.ttf in Resources */,
			);
			runOnlyForDeploymentPostprocessing = 0;
		};
		709F74281931DEAE00881C0C /* Resources */ = {
			isa = PBXResourcesBuildPhase;
			buildActionMask = 2147483647;
			files = (
				709F74361931DEAE00881C0C /* InfoPlist.strings in Resources */,
			);
			runOnlyForDeploymentPostprocessing = 0;
		};
/* End PBXResourcesBuildPhase section */

/* Begin PBXSourcesBuildPhase section */
		709F740B1931DEAE00881C0C /* Sources */ = {
			isa = PBXSourcesBuildPhase;
			buildActionMask = 2147483647;
			files = (
				709F74231931DEAE00881C0C /* AppDelegate.m in Sources */,
				709F741F1931DEAE00881C0C /* main.m in Sources */,
				707F6ABA1931E74D0060E8C9 /* SquelchViewController.m in Sources */,
			);
			runOnlyForDeploymentPostprocessing = 0;
		};
		709F74261931DEAE00881C0C /* Sources */ = {
			isa = PBXSourcesBuildPhase;
			buildActionMask = 2147483647;
			files = (
				709F74381931DEAE00881C0C /* SquelchTests.m in Sources */,
			);
			runOnlyForDeploymentPostprocessing = 0;
		};
/* End PBXSourcesBuildPhase section */

/* Begin PBXTargetDependency section */
		709F74301931DEAE00881C0C /* PBXTargetDependency */ = {
			isa = PBXTargetDependency;
			target = 709F740E1931DEAE00881C0C /* Squelch */;
			targetProxy = 709F742F1931DEAE00881C0C /* PBXContainerItemProxy */;
		};
/* End PBXTargetDependency section */

/* Begin PBXVariantGroup section */
		709F741B1931DEAE00881C0C /* InfoPlist.strings */ = {
			isa = PBXVariantGroup;
			children = (
				709F741C1931DEAE00881C0C /* en */,
			);
			name = InfoPlist.strings;
			sourceTree = "<group>";
		};
		709F74341931DEAE00881C0C /* InfoPlist.strings */ = {
			isa = PBXVariantGroup;
			children = (
				709F74351931DEAE00881C0C /* en */,
			);
			name = InfoPlist.strings;
			sourceTree = "<group>";
		};
/* End PBXVariantGroup section */

/* Begin XCBuildConfiguration section */
		709F74391931DEAE00881C0C /* Debug */ = {
			isa = XCBuildConfiguration;
			buildSettings = {
				ALWAYS_SEARCH_USER_PATHS = NO;
				CLANG_CXX_LANGUAGE_STANDARD = "gnu++0x";
				CLANG_CXX_LIBRARY = "libc++";
				CLANG_ENABLE_MODULES = YES;
				CLANG_ENABLE_OBJC_ARC = YES;
				CLANG_WARN_BOOL_CONVERSION = YES;
				CLANG_WARN_CONSTANT_CONVERSION = YES;
				CLANG_WARN_DIRECT_OBJC_ISA_USAGE = YES_ERROR;
				CLANG_WARN_EMPTY_BODY = YES;
				CLANG_WARN_ENUM_CONVERSION = YES;
				CLANG_WARN_INT_CONVERSION = YES;
				CLANG_WARN_OBJC_ROOT_CLASS = YES_ERROR;
				CLANG_WARN__DUPLICATE_METHOD_MATCH = YES;
				"CODE_SIGN_IDENTITY[sdk=iphoneos*]" = "iPhone Developer";
				COPY_PHASE_STRIP = NO;
				GCC_C_LANGUAGE_STANDARD = gnu99;
				GCC_DYNAMIC_NO_PIC = NO;
				GCC_OPTIMIZATION_LEVEL = 0;
				GCC_PREPROCESSOR_DEFINITIONS = (
					"DEBUG=1",
					"$(inherited)",
				);
				GCC_SYMBOLS_PRIVATE_EXTERN = NO;
				GCC_WARN_64_TO_32_BIT_CONVERSION = YES;
				GCC_WARN_ABOUT_RETURN_TYPE = YES_ERROR;
				GCC_WARN_UNDECLARED_SELECTOR = YES;
				GCC_WARN_UNINITIALIZED_AUTOS = YES_AGGRESSIVE;
				GCC_WARN_UNUSED_FUNCTION = YES;
				GCC_WARN_UNUSED_VARIABLE = YES;
				IPHONEOS_DEPLOYMENT_TARGET = 8.4;
				ONLY_ACTIVE_ARCH = YES;
				SDKROOT = iphoneos;
				TARGETED_DEVICE_FAMILY = "1,2";
			};
			name = Debug;
		};
		709F743A1931DEAE00881C0C /* Release */ = {
			isa = XCBuildConfiguration;
			buildSettings = {
				ALWAYS_SEARCH_USER_PATHS = NO;
				CLANG_CXX_LANGUAGE_STANDARD = "gnu++0x";
				CLANG_CXX_LIBRARY = "libc++";
				CLANG_ENABLE_MODULES = YES;
				CLANG_ENABLE_OBJC_ARC = YES;
				CLANG_WARN_BOOL_CONVERSION = YES;
				CLANG_WARN_CONSTANT_CONVERSION = YES;
				CLANG_WARN_DIRECT_OBJC_ISA_USAGE = YES_ERROR;
				CLANG_WARN_EMPTY_BODY = YES;
				CLANG_WARN_ENUM_CONVERSION = YES;
				CLANG_WARN_INT_CONVERSION = YES;
				CLANG_WARN_OBJC_ROOT_CLASS = YES_ERROR;
				CLANG_WARN__DUPLICATE_METHOD_MATCH = YES;
				"CODE_SIGN_IDENTITY[sdk=iphoneos*]" = "iPhone Developer";
				COPY_PHASE_STRIP = YES;
				ENABLE_NS_ASSERTIONS = NO;
				GCC_C_LANGUAGE_STANDARD = gnu99;
				GCC_WARN_64_TO_32_BIT_CONVERSION = YES;
				GCC_WARN_ABOUT_RETURN_TYPE = YES_ERROR;
				GCC_WARN_UNDECLARED_SELECTOR = YES;
				GCC_WARN_UNINITIALIZED_AUTOS = YES_AGGRESSIVE;
				GCC_WARN_UNUSED_FUNCTION = YES;
				GCC_WARN_UNUSED_VARIABLE = YES;
				IPHONEOS_DEPLOYMENT_TARGET = 8.4;
				SDKROOT = iphoneos;
				TARGETED_DEVICE_FAMILY = "1,2";
				VALIDATE_PRODUCT = YES;
			};
			name = Release;
		};
		709F743C1931DEAE00881C0C /* Debug */ = {
			isa = XCBuildConfiguration;
			buildSettings = {
				ASSETCATALOG_COMPILER_APPICON_NAME = AppIcon;
				ASSETCATALOG_COMPILER_LAUNCHIMAGE_NAME = LaunchImage;
				CODE_SIGN_ENTITLEMENTS = "$(SRCROOT)/Squelch/Entitlements.plist";
				CODE_SIGN_IDENTITY = "iPhone Developer: Aaron Kramer (4KFUK6969G)";
				FRAMEWORK_SEARCH_PATHS = (
					"$(inherited)",
					"\"$(SDKROOT)/System/Library/PrivateFrameworks\"",
				);
				GCC_PRECOMPILE_PREFIX_HEADER = YES;
				GCC_PREFIX_HEADER = "Squelch/Squelch-Prefix.pch";
				INFOPLIST_FILE = "Squelch/Squelch-Info.plist";
				OTHER_LDFLAGS = (
					"-framework",
					BulletinBoard,
				);
				PRODUCT_NAME = "$(TARGET_NAME)";
				PROVISIONING_PROFILE = "5170807E-46E2-4F6F-91A2-C7EF026AA7D1";
				TARGETED_DEVICE_FAMILY = 1;
				WRAPPER_EXTENSION = app;
			};
			name = Debug;
		};
		709F743D1931DEAE00881C0C /* Release */ = {
			isa = XCBuildConfiguration;
			buildSettings = {
				ASSETCATALOG_COMPILER_APPICON_NAME = AppIcon;
				ASSETCATALOG_COMPILER_LAUNCHIMAGE_NAME = LaunchImage;
				CODE_SIGN_ENTITLEMENTS = "$(SRCROOT)/Squelch/Entitlements.plist";
				CODE_SIGN_IDENTITY = "iPhone Developer: Aaron Kramer (4KFUK6969G)";
				FRAMEWORK_SEARCH_PATHS = (
					"$(inherited)",
					"\"$(SDKROOT)/System/Library/PrivateFrameworks\"",
				);
				GCC_PRECOMPILE_PREFIX_HEADER = YES;
				GCC_PREFIX_HEADER = "Squelch/Squelch-Prefix.pch";
				INFOPLIST_FILE = "Squelch/Squelch-Info.plist";
				OTHER_LDFLAGS = (
					"-framework",
					BulletinBoard,
				);
				PRODUCT_NAME = "$(TARGET_NAME)";
				PROVISIONING_PROFILE = "5170807E-46E2-4F6F-91A2-C7EF026AA7D1";
				TARGETED_DEVICE_FAMILY = 1;
				WRAPPER_EXTENSION = app;
			};
			name = Release;
		};
		709F743F1931DEAE00881C0C /* Debug */ = {
			isa = XCBuildConfiguration;
			buildSettings = {
				BUNDLE_LOADER = "$(BUILT_PRODUCTS_DIR)/Squelch.app/Squelch";
				FRAMEWORK_SEARCH_PATHS = (
					"$(SDKROOT)/Developer/Library/Frameworks",
					"$(inherited)",
					"$(DEVELOPER_FRAMEWORKS_DIR)",
				);
				GCC_PRECOMPILE_PREFIX_HEADER = YES;
				GCC_PREFIX_HEADER = "Squelch/Squelch-Prefix.pch";
				GCC_PREPROCESSOR_DEFINITIONS = (
					"DEBUG=1",
					"$(inherited)",
				);
				INFOPLIST_FILE = "SquelchTests/SquelchTests-Info.plist";
				PRODUCT_NAME = "$(TARGET_NAME)";
				TEST_HOST = "$(BUNDLE_LOADER)";
				WRAPPER_EXTENSION = xctest;
			};
			name = Debug;
		};
		709F74401931DEAE00881C0C /* Release */ = {
			isa = XCBuildConfiguration;
			buildSettings = {
				BUNDLE_LOADER = "$(BUILT_PRODUCTS_DIR)/Squelch.app/Squelch";
				FRAMEWORK_SEARCH_PATHS = (
					"$(SDKROOT)/Developer/Library/Frameworks",
					"$(inherited)",
					"$(DEVELOPER_FRAMEWORKS_DIR)",
				);
				GCC_PRECOMPILE_PREFIX_HEADER = YES;
				GCC_PREFIX_HEADER = "Squelch/Squelch-Prefix.pch";
				INFOPLIST_FILE = "SquelchTests/SquelchTests-Info.plist";
				PRODUCT_NAME = "$(TARGET_NAME)";
				TEST_HOST = "$(BUNDLE_LOADER)";
				WRAPPER_EXTENSION = xctest;
			};
			name = Release;
		};
/* End XCBuildConfiguration section */

/* Begin XCConfigurationList section */
		709F740A1931DEAE00881C0C /* Build configuration list for PBXProject "Squelch" */ = {
			isa = XCConfigurationList;
			buildConfigurations = (
				709F74391931DEAE00881C0C /* Debug */,
				709F743A1931DEAE00881C0C /* Release */,
			);
			defaultConfigurationIsVisible = 0;
			defaultConfigurationName = Release;
		};
		709F743B1931DEAE00881C0C /* Build configuration list for PBXNativeTarget "Squelch" */ = {
			isa = XCConfigurationList;
			buildConfigurations = (
				709F743C1931DEAE00881C0C /* Debug */,
				709F743D1931DEAE00881C0C /* Release */,
			);
			defaultConfigurationIsVisible = 0;
			defaultConfigurationName = Release;
		};
		709F743E1931DEAE00881C0C /* Build configuration list for PBXNativeTarget "SquelchTests" */ = {
			isa = XCConfigurationList;
			buildConfigurations = (
				709F743F1931DEAE00881C0C /* Debug */,
				709F74401931DEAE00881C0C /* Release */,
			);
			defaultConfigurationIsVisible = 0;
			defaultConfigurationName = Release;
		};
/* End XCConfigurationList section */
	};
	rootObject = 709F74071931DEAE00881C0C /* Project object */;
}
